{
  "name": "DoreYar",
  "lockfileVersion": 2,
  "requires": true,
  "packages": {
    "": {
      "dependencies": {
        "@ckeditor/ckeditor5-theme-lark": "^32.0.0"
      }
    },
    "node_modules/@ckeditor/ckeditor5-core": {
      "version": "32.0.0",
      "resolved": "https://registry.npmjs.org/@ckeditor/ckeditor5-core/-/ckeditor5-core-32.0.0.tgz",
      "integrity": "sha512-Vf13S2EQ/R7ULFHt13Is6lOunq3tWROqNsE9oclSuzL0kTWoYuzu3JFyEnyMwDMRisl3CDpU7/Bp5VJ76BsRsA==",
      "dependencies": {
        "@ckeditor/ckeditor5-engine": "^32.0.0",
        "@ckeditor/ckeditor5-ui": "^32.0.0",
        "@ckeditor/ckeditor5-utils": "^32.0.0",
        "lodash-es": "^4.17.15"
      },
      "engines": {
        "node": ">=14.0.0",
        "npm": ">=5.7.1"
      }
    },
    "node_modules/@ckeditor/ckeditor5-engine": {
      "version": "32.0.0",
      "resolved": "https://registry.npmjs.org/@ckeditor/ckeditor5-engine/-/ckeditor5-engine-32.0.0.tgz",
      "integrity": "sha512-UuAEnGBdib0hVhCIJByLQ8tKDjdOJkJF/aKsAQth9an95Z7TJ8oqUqhwhUQWtsULu0ugaqb/95t7FUFA+3BJqw==",
      "dependencies": {
        "@ckeditor/ckeditor5-utils": "^32.0.0",
        "lodash-es": "^4.17.15"
      },
      "engines": {
        "node": ">=14.0.0",
        "npm": ">=5.7.1"
      }
    },
    "node_modules/@ckeditor/ckeditor5-theme-lark": {
      "version": "32.0.0",
      "resolved": "https://registry.npmjs.org/@ckeditor/ckeditor5-theme-lark/-/ckeditor5-theme-lark-32.0.0.tgz",
      "integrity": "sha512-g/yqNXUg7gwS4WeWDDBjfp/v9DOb4eRy3k4U1iC7IzhTaF2dNYnCi52E+Y0rHWociYI3MG4y4fn1hEX7oK3agw==",
      "dependencies": {
        "@ckeditor/ckeditor5-ui": "^32.0.0"
      },
      "engines": {
        "node": ">=14.0.0",
        "npm": ">=5.7.1"
      }
    },
    "node_modules/@ckeditor/ckeditor5-ui": {
      "version": "32.0.0",
      "resolved": "https://registry.npmjs.org/@ckeditor/ckeditor5-ui/-/ckeditor5-ui-32.0.0.tgz",
      "integrity": "sha512-tkn5Y0ZYkhby8iFnAAZMLyh9zub/okOhzR2IJvS6T95J/w1z2HpJO/yNkdSrU43qXQtmp77o0UQ53PU4PvIp0Q==",
      "dependencies": {
        "@ckeditor/ckeditor5-core": "^32.0.0",
        "@ckeditor/ckeditor5-utils": "^32.0.0",
        "lodash-es": "^4.17.15"
      },
      "engines": {
        "node": ">=14.0.0",
        "npm": ">=5.7.1"
      }
    },
    "node_modules/@ckeditor/ckeditor5-utils": {
      "version": "32.0.0",
      "resolved": "https://registry.npmjs.org/@ckeditor/ckeditor5-utils/-/ckeditor5-utils-32.0.0.tgz",
      "integrity": "sha512-4O0TW/oeFRGbB+mrXMhx47zEzASdDz87ftiJiI9jcB+S6Pq5+aSqCNc0ZVQBKaj2URNGqFkkT6Kp6eEEsMBVWA==",
      "dependencies": {
        "lodash-es": "^4.17.15"
      },
      "engines": {
        "node": ">=14.0.0",
        "npm": ">=5.7.1"
      }
    },
    "node_modules/lodash-es": {
      "version": "4.17.21",
      "resolved": "https://registry.npmjs.org/lodash-es/-/lodash-es-4.17.21.tgz",
      "integrity": "sha512-mKnC+QJ9pWVzv+C4/U3rRsHapFfHvQFoFB92e52xeyGMcX6/OlIl78je1u8vePzYZSkkogMPJ2yjxxsb89cxyw=="
    }
  },
  "dependencies": {
    "@ckeditor/ckeditor5-core": {
      "version": "32.0.0",
      "resolved": "https://registry.npmjs.org/@ckeditor/ckeditor5-core/-/ckeditor5-core-32.0.0.tgz",
      "integrity": "sha512-Vf13S2EQ/R7ULFHt13Is6lOunq3tWROqNsE9oclSuzL0kTWoYuzu3JFyEnyMwDMRisl3CDpU7/Bp5VJ76BsRsA==",
      "requires": {
        "@ckeditor/ckeditor5-engine": "^32.0.0",
        "@ckeditor/ckeditor5-ui": "^32.0.0",
        "@ckeditor/ckeditor5-utils": "^32.0.0",
        "lodash-es": "^4.17.15"
      }
    },
    "@ckeditor/ckeditor5-engine": {
      "version": "32.0.0",
      "resolved": "https://registry.npmjs.org/@ckeditor/ckeditor5-engine/-/ckeditor5-engine-32.0.0.tgz",
      "integrity": "sha512-UuAEnGBdib0hVhCIJByLQ8tKDjdOJkJF/aKsAQth9an95Z7TJ8oqUqhwhUQWtsULu0ugaqb/95t7FUFA+3BJqw==",
      "requires": {
        "@ckeditor/ckeditor5-utils": "^32.0.0",
        "lodash-es": "^4.17.15"
      }
    },
    "@ckeditor/ckeditor5-theme-lark": {
      "version": "32.0.0",
      "resolved": "https://registry.npmjs.org/@ckeditor/ckeditor5-theme-lark/-/ckeditor5-theme-lark-32.0.0.tgz",
      "integrity": "sha512-g/yqNXUg7gwS4WeWDDBjfp/v9DOb4eRy3k4U1iC7IzhTaF2dNYnCi52E+Y0rHWociYI3MG4y4fn1hEX7oK3agw==",
      "requires": {
        "@ckeditor/ckeditor5-ui": "^32.0.0"
      }
    },
    "@ckeditor/ckeditor5-ui": {
      "version": "32.0.0",
      "resolved": "https://registry.npmjs.org/@ckeditor/ckeditor5-ui/-/ckeditor5-ui-32.0.0.tgz",
      "integrity": "sha512-tkn5Y0ZYkhby8iFnAAZMLyh9zub/okOhzR2IJvS6T95J/w1z2HpJO/yNkdSrU43qXQtmp77o0UQ53PU4PvIp0Q==",
      "requires": {
        "@ckeditor/ckeditor5-core": "^32.0.0",
        "@ckeditor/ckeditor5-utils": "^32.0.0",
        "lodash-es": "^4.17.15"
      }
    },
    "@ckeditor/ckeditor5-utils": {
      "version": "32.0.0",
      "resolved": "https://registry.npmjs.org/@ckeditor/ckeditor5-utils/-/ckeditor5-utils-32.0.0.tgz",
      "integrity": "sha512-4O0TW/oeFRGbB+mrXMhx47zEzASdDz87ftiJiI9jcB+S6Pq5+aSqCNc0ZVQBKaj2URNGqFkkT6Kp6eEEsMBVWA==",
      "requires": {
        "lodash-es": "^4.17.15"
      }
    },
    "lodash-es": {
      "version": "4.17.21",
      "resolved": "https://registry.npmjs.org/lodash-es/-/lodash-es-4.17.21.tgz",
      "integrity": "sha512-mKnC+QJ9pWVzv+C4/U3rRsHapFfHvQFoFB92e52xeyGMcX6/OlIl78je1u8vePzYZSkkogMPJ2yjxxsb89cxyw=="
    }
  }
}
